{
    "_readme": [
        "This file locks the dependencies of your project to a known state",
        "Read more about it at https://getcomposer.org/doc/01-basic-usage.md#installing-dependencies",
        "This file is @generated automatically"
    ],
    "content-hash": "751c14b1c0b92847d30b77eea94f7b26",
    "packages": [
        {
            "name": "spatie/mjml-php",
            "version": "1.2.5",
            "source": {
                "type": "git",
                "url": "https://github.com/spatie/mjml-php.git",
                "reference": "0af0b3944617889df7bed69faca3819a0399feff"
            },
            "dist": {
                "type": "zip",
                "url": "https://api.github.com/repos/spatie/mjml-php/zipball/0af0b3944617889df7bed69faca3819a0399feff",
                "reference": "0af0b3944617889df7bed69faca3819a0399feff",
                "shasum": ""
            },
            "require": {
                "php": "^8.1",
                "symfony/process": "^6.3.2|^7.0"
            },
            "require-dev": {
                "laravel/pint": "^1.11",
                "pestphp/pest": "^2.16",
                "spatie/ray": "^1.37.2"
            },
            "suggest": {
                "spatie/mjml-sidecar": "When you want to run MJML compilation through Sidecar in a Laravel project"
            },
            "type": "library",
            "autoload": {
                "psr-4": {
                    "Spatie\\Mjml\\": "src"
                }
            },
            "notification-url": "https://packagist.org/downloads/",
            "license": [
                "MIT"
            ],
            "authors": [
                {
                    "name": "Freek Van der Herten",
                    "email": "freek@spatie.be",
                    "role": "Developer"
                }
            ],
            "description": "Convert MJML to HTML using PHP",
            "homepage": "https://github.com/spatie/mjml-php",
            "keywords": [
                "mjml-php",
                "spatie"
            ],
            "support": {
                "issues": "https://github.com/spatie/mjml-php/issues",
                "source": "https://github.com/spatie/mjml-php/tree/1.2.5"
            },
            "funding": [
                {
                    "url": "https://github.com/spatie",
                    "type": "github"
                }
            ],
            "time": "2025-03-17T19:50:19+00:00"
        },
        {
            "name": "symfony/process",
            "version": "v7.3.0",
            "source": {
                "type": "git",
                "url": "https://github.com/symfony/process.git",
                "reference": "40c295f2deb408d5e9d2d32b8ba1dd61e36f05af"
            },
            "dist": {
                "type": "zip",
                "url": "https://api.github.com/repos/symfony/process/zipball/40c295f2deb408d5e9d2d32b8ba1dd61e36f05af",
                "reference": "40c295f2deb408d5e9d2d32b8ba1dd61e36f05af",
                "shasum": ""
            },
            "require": {
                "php": ">=8.2"
            },
            "type": "library",
            "autoload": {
                "psr-4": {
                    "Symfony\\Component\\Process\\": ""
                },
                "exclude-from-classmap": [
                    "/Tests/"
                ]
            },
            "notification-url": "https://packagist.org/downloads/",
            "license": [
                "MIT"
            ],
            "authors": [
                {
                    "name": "Fabien Potencier",
                    "email": "fabien@symfony.com"
                },
                {
                    "name": "Symfony Community",
                    "homepage": "https://symfony.com/contributors"
                }
            ],
            "description": "Executes commands in sub-processes",
            "homepage": "https://symfony.com",
            "support": {
                "source": "https://github.com/symfony/process/tree/v7.3.0"
            },
            "funding": [
                {
                    "url": "https://symfony.com/sponsor",
                    "type": "custom"
                },
                {
                    "url": "https://github.com/fabpot",
                    "type": "github"
                },
                {
                    "url": "https://tidelift.com/funding/github/packagist/symfony/symfony",
                    "type": "tidelift"
                }
            ],
            "time": "2025-04-17T09:11:12+00:00"
        }
    ],
    "packages-dev": [],
    "aliases": [],
    "minimum-stability": "stable",
    "stability-flags": {},
    "prefer-stable": false,
    "prefer-lowest": false,
    "platform": {
        "php": ">=8.2"
    },
    "platform-dev": {},
    "platform-overrides": {
        "php": "8.2"
    },
    "plugin-api-version": "2.6.0"
}
